
Microsoft Visual Studio Solution File, Format Version 12.00
# Visual Studio Version 16
VisualStudioVersion = 25.0.1705.1
MinimumVisualStudioVersion = 10.0.40219.1
Project("{FAE04EC0-301F-11D3-BF4B-00C04F79EFBC}") = "SpringOutreach", "SpringOutreach\SpringOutreach.csproj", "{30A6A042-7C37-4695-92D1-3BD690C7022D}"
EndProject
Project("{2150E333-8FDC-42A3-9474-1A3956D46DE8}") = "Solution Items", "Solution Items", "{9DB943B3-3117-45C2-A448-2B28E002A1EC}"
	ProjectSection(SolutionItems) = preProject
		.gitignore = .gitignore
	EndProjectSection
EndProject
Global
	GlobalSection(SolutionConfigurationPlatforms) = preSolution
		Debug|Any CPU = Debug|Any CPU
		Release|Any CPU = Release|Any CPU
	EndGlobalSection
	GlobalSection(ProjectConfigurationPlatforms) = postSolution
		{30A6A042-7C37-4695-92D1-3BD690C7022D}.Debug|Any CPU.ActiveCfg = Debug|Any CPU
		{30A6A042-7C37-4695-92D1-3BD690C7022D}.Debug|Any CPU.Build.0 = Debug|Any CPU
		{30A6A042-7C37-4695-92D1-3BD690C7022D}.Release|Any CPU.ActiveCfg = Release|Any CPU
		{30A6A042-7C37-4695-92D1-3BD690C7022D}.Release|Any CPU.Build.0 = Release|Any CPU
	EndGlobalSection
	GlobalSection(SolutionProperties) = preSolution
		HideSolutionNode = FALSE
	EndGlobalSection
	GlobalSection(ExtensibilityGlobals) = postSolution
		SolutionGuid = {D4BD2C4F-A367-4B9B-BF90-789ED78223B6}
	EndGlobalSection
EndGlobal
